// !$*UTF8*$!
{
	archiveVersion = 1;
	classes = {
	};
	objectVersion = 48;
	objects = {

/* Begin PBXBuildFile section */
		D29C8A1C8563F2765237F6BA /* Pods_BackgroundDownload.framework in Frameworks */ = {isa = PBXBuildFile; fileRef = ED7B34344903515FFBF44147 /* Pods_BackgroundDownload.framework */; };
		E6F7D3E720469EC300630408 /* AppDelegate.swift in Sources */ = {isa = PBXBuildFile; fileRef = E6F7D3E620469EC300630408 /* AppDelegate.swift */; };
		E6F7D3E920469EC300630408 /* ViewController.swift in Sources */ = {isa = PBXBuildFile; fileRef = E6F7D3E820469EC300630408 /* ViewController.swift */; };
		E6F7D3EC20469EC300630408 /* Main.storyboard in Resources */ = {isa = PBXBuildFile; fileRef = E6F7D3EA20469EC300630408 /* Main.storyboard */; };
		E6F7D3EE20469EC300630408 /* Assets.xcassets in Resources */ = {isa = PBXBuildFile; fileRef = E6F7D3ED20469EC300630408 /* Assets.xcassets */; };
		E6F7D3F120469EC300630408 /* LaunchScreen.storyboard in Resources */ = {isa = PBXBuildFile; fileRef = E6F7D3EF20469EC300630408 /* LaunchScreen.storyboard */; };
		E6F7D3F92046A00B00630408 /* DownloadManager.swift in Sources */ = {isa = PBXBuildFile; fileRef = E6F7D3F82046A00B00630408 /* DownloadManager.swift */; };
/* End PBXBuildFile section */

/* Begin PBXFileReference section */
		633AB76B1A2EF475CA06812C /* Pods-BackgroundDownload.release.xcconfig */ = {isa = PBXFileReference; includeInIndex = 1; lastKnownFileType = text.xcconfig; name = "Pods-BackgroundDownload.release.xcconfig"; path = "Pods/Target Support Files/Pods-BackgroundDownload/Pods-BackgroundDownload.release.xcconfig"; sourceTree = "<group>"; };
		DC80B8EA59974C8E42633969 /* Pods-BackgroundDownload.debug.xcconfig */ = {isa = PBXFileReference; includeInIndex = 1; lastKnownFileType = text.xcconfig; name = "Pods-BackgroundDownload.debug.xcconfig"; path = "Pods/Target Support Files/Pods-BackgroundDownload/Pods-BackgroundDownload.debug.xcconfig"; sourceTree = "<group>"; };
		E6F7D3E320469EC300630408 /* BackgroundDownload.app */ = {isa = PBXFileReference; explicitFileType = wrapper.application; includeInIndex = 0; path = BackgroundDownload.app; sourceTree = BUILT_PRODUCTS_DIR; };
		E6F7D3E620469EC300630408 /* AppDelegate.swift */ = {isa = PBXFileReference; lastKnownFileType = sourcecode.swift; path = AppDelegate.swift; sourceTree = "<group>"; };
		E6F7D3E820469EC300630408 /* ViewController.swift */ = {isa = PBXFileReference; lastKnownFileType = sourcecode.swift; path = ViewController.swift; sourceTree = "<group>"; };
		E6F7D3EB20469EC300630408 /* Base */ = {isa = PBXFileReference; lastKnownFileType = file.storyboard; name = Base; path = Base.lproj/Main.storyboard; sourceTree = "<group>"; };
		E6F7D3ED20469EC300630408 /* Assets.xcassets */ = {isa = PBXFileReference; lastKnownFileType = folder.assetcatalog; path = Assets.xcassets; sourceTree = "<group>"; };
		E6F7D3F020469EC300630408 /* Base */ = {isa = PBXFileReference; lastKnownFileType = file.storyboard; name = Base; path = Base.lproj/LaunchScreen.storyboard; sourceTree = "<group>"; };
		E6F7D3F220469EC300630408 /* Info.plist */ = {isa = PBXFileReference; lastKnownFileType = text.plist.xml; path = Info.plist; sourceTree = "<group>"; };
		E6F7D3F82046A00B00630408 /* DownloadManager.swift */ = {isa = PBXFileReference; lastKnownFileType = sourcecode.swift; path = DownloadManager.swift; sourceTree = "<group>"; };
		ED7B34344903515FFBF44147 /* Pods_BackgroundDownload.framework */ = {isa = PBXFileReference; explicitFileType = wrapper.framework; includeInIndex = 0; path = Pods_BackgroundDownload.framework; sourceTree = BUILT_PRODUCTS_DIR; };
/* End PBXFileReference section */

/* Begin PBXFrameworksBuildPhase section */
		E6F7D3E020469EC300630408 /* Frameworks */ = {
			isa = PBXFrameworksBuildPhase;
			buildActionMask = 2147483647;
			files = (
				D29C8A1C8563F2765237F6BA /* Pods_BackgroundDownload.framework in Frameworks */,
			);
			runOnlyForDeploymentPostprocessing = 0;
		};
/* End PBXFrameworksBuildPhase section */

/* Begin PBXGroup section */
		B5139BBB7BF247798C95C3D6 /* Pods */ = {
			isa = PBXGroup;
			children = (
				DC80B8EA59974C8E42633969 /* Pods-BackgroundDownload.debug.xcconfig */,
				633AB76B1A2EF475CA06812C /* Pods-BackgroundDownload.release.xcconfig */,
			);
			name = Pods;
			sourceTree = "<group>";
		};
		D8DF8913B415D71BF2B7FA3E /* Frameworks */ = {
			isa = PBXGroup;
			children = (
				ED7B34344903515FFBF44147 /* Pods_BackgroundDownload.framework */,
			);
			name = Frameworks;
			sourceTree = "<group>";
		};
		E6F7D3DA20469EC300630408 = {
			isa = PBXGroup;
			children = (
				E6F7D3E520469EC300630408 /* BackgroundDownload */,
				E6F7D3E420469EC300630408 /* Products */,
				B5139BBB7BF247798C95C3D6 /* Pods */,
				D8DF8913B415D71BF2B7FA3E /* Frameworks */,
			);
			sourceTree = "<group>";
		};
		E6F7D3E420469EC300630408 /* Products */ = {
			isa = PBXGroup;
			children = (
				E6F7D3E320469EC300630408 /* BackgroundDownload.app */,
			);
			name = Products;
			sourceTree = "<group>";
		};
		E6F7D3E520469EC300630408 /* BackgroundDownload */ = {
			isa = PBXGroup;
			children = (
				E6F7D3E620469EC300630408 /* AppDelegate.swift */,
				E6F7D3E820469EC300630408 /* ViewController.swift */,
				E6F7D3EA20469EC300630408 /* Main.storyboard */,
				E6F7D3ED20469EC300630408 /* Assets.xcassets */,
				E6F7D3EF20469EC300630408 /* LaunchScreen.storyboard */,
				E6F7D3F220469EC300630408 /* Info.plist */,
				E6F7D3F82046A00B00630408 /* DownloadManager.swift */,
			);
			path = BackgroundDownload;
			sourceTree = "<group>";
		};
/* End PBXGroup section */

/* Begin PBXNativeTarget section */
		E6F7D3E220469EC300630408 /* BackgroundDownload */ = {
			isa = PBXNativeTarget;
			buildConfigurationList = E6F7D3F520469EC300630408 /* Build configuration list for PBXNativeTarget "BackgroundDownload" */;
			buildPhases = (
				5BAA5BF54CD8C448A1487A94 /* [CP] Check Pods Manifest.lock */,
				E6F7D3DF20469EC300630408 /* Sources */,
				E6F7D3E020469EC300630408 /* Frameworks */,
				E6F7D3E120469EC300630408 /* Resources */,
				D5BCB34D2CFF4FCDA27FB104 /* [CP] Embed Pods Frameworks */,
				E0876DB6F8562AF2357C46A6 /* [CP] Copy Pods Resources */,
			);
			buildRules = (
			);
			dependencies = (
			);
			name = BackgroundDownload;
			productName = BackgroundDownload;
			productReference = E6F7D3E320469EC300630408 /* BackgroundDownload.app */;
			productType = "com.apple.product-type.application";
		};
/* End PBXNativeTarget section */

/* Begin PBXProject section */
		E6F7D3DB20469EC300630408 /* Project object */ = {
			isa = PBXProject;
			attributes = {
				LastSwiftUpdateCheck = 0920;
				LastUpgradeCheck = 0920;
				ORGANIZATIONNAME = "Alexei Shepitko";
				TargetAttributes = {
					E6F7D3E220469EC300630408 = {
						CreatedOnToolsVersion = 9.2;
						ProvisioningStyle = Automatic;
					};
				};
			};
			buildConfigurationList = E6F7D3DE20469EC300630408 /* Build configuration list for PBXProject "BackgroundDownload" */;
			compatibilityVersion = "Xcode 8.0";
			developmentRegion = en;
			hasScannedForEncodings = 0;
			knownRegions = (
				en,
				Base,
			);
			mainGroup = E6F7D3DA20469EC300630408;
			productRefGroup = E6F7D3E420469EC300630408 /* Products */;
			projectDirPath = "";
			projectRoot = "";
			targets = (
				E6F7D3E220469EC300630408 /* BackgroundDownload */,
			);
		};
/* End PBXProject section */

/* Begin PBXResourcesBuildPhase section */
		E6F7D3E120469EC300630408 /* Resources */ = {
			isa = PBXResourcesBuildPhase;
			buildActionMask = 2147483647;
			files = (
				E6F7D3F120469EC300630408 /* LaunchScreen.storyboard in Resources */,
				E6F7D3EE20469EC300630408 /* Assets.xcassets in Resources */,
				E6F7D3EC20469EC300630408 /* Main.storyboard in Resources */,
			);
			runOnlyForDeploymentPostprocessing = 0;
		};
/* End PBXResourcesBuildPhase section */

/* Begin PBXShellScriptBuildPhase section */
		5BAA5BF54CD8C448A1487A94 /* [CP] Check Pods Manifest.lock */ = {
			isa = PBXShellScriptBuildPhase;
			buildActionMask = 2147483647;
			files = (
			);
			inputPaths = (
				"${PODS_PODFILE_DIR_PATH}/Podfile.lock",
				"${PODS_ROOT}/Manifest.lock",
			);
			name = "[CP] Check Pods Manifest.lock";
			outputPaths = (
				"$(DERIVED_FILE_DIR)/Pods-BackgroundDownload-checkManifestLockResult.txt",
			);
			runOnlyForDeploymentPostprocessing = 0;
			shellPath = /bin/sh;
			shellScript = "diff \"${PODS_PODFILE_DIR_PATH}/Podfile.lock\" \"${PODS_ROOT}/Manifest.lock\" > /dev/null\nif [ $? != 0 ] ; then\n    # print error to STDERR\n    echo \"error: The sandbox is not in sync with the Podfile.lock. Run 'pod install' or update your CocoaPods installation.\" >&2\n    exit 1\nfi\n# This output is used by Xcode 'outputs' to avoid re-running this script phase.\necho \"SUCCESS\" > \"${SCRIPT_OUTPUT_FILE_0}\"\n";
			showEnvVarsInLog = 0;
		};
		D5BCB34D2CFF4FCDA27FB104 /* [CP] Embed Pods Frameworks */ = {
			isa = PBXShellScriptBuildPhase;
			buildActionMask = 2147483647;
			files = (
			);
			inputPaths = (
				"${SRCROOT}/Pods/Target Support Files/Pods-BackgroundDownload/Pods-BackgroundDownload-frameworks.sh",
				"${BUILT_PRODUCTS_DIR}/Alamofire/Alamofire.framework",
			);
			name = "[CP] Embed Pods Frameworks";
			outputPaths = (
				"${TARGET_BUILD_DIR}/${FRAMEWORKS_FOLDER_PATH}/Alamofire.framework",
			);
			runOnlyForDeploymentPostprocessing = 0;
			shellPath = /bin/sh;
			shellScript = "\"${SRCROOT}/Pods/Target Support Files/Pods-BackgroundDownload/Pods-BackgroundDownload-frameworks.sh\"\n";
			showEnvVarsInLog = 0;
		};
		E0876DB6F8562AF2357C46A6 /* [CP] Copy Pods Resources */ = {
			isa = PBXShellScriptBuildPhase;
			buildActionMask = 2147483647;
			files = (
			);
			inputPaths = (
			);
			name = "[CP] Copy Pods Resources";
			outputPaths = (
			);
			runOnlyForDeploymentPostprocessing = 0;
			shellPath = /bin/sh;
			shellScript = "\"${SRCROOT}/Pods/Target Support Files/Pods-BackgroundDownload/Pods-BackgroundDownload-resources.sh\"\n";
			showEnvVarsInLog = 0;
		};
/* End PBXShellScriptBuildPhase section */

/* Begin PBXSourcesBuildPhase section */
		E6F7D3DF20469EC300630408 /* Sources */ = {
			isa = PBXSourcesBuildPhase;
			buildActionMask = 2147483647;
			files = (
				E6F7D3E920469EC300630408 /* ViewController.swift in Sources */,
				E6F7D3F92046A00B00630408 /* DownloadManager.swift in Sources */,
				E6F7D3E720469EC300630408 /* AppDelegate.swift in Sources */,
			);
			runOnlyForDeploymentPostprocessing = 0;
		};
/* End PBXSourcesBuildPhase section */

/* Begin PBXVariantGroup section */
		E6F7D3EA20469EC300630408 /* Main.storyboard */ = {
			isa = PBXVariantGroup;
			children = (
				E6F7D3EB20469EC300630408 /* Base */,
			);
			name = Main.storyboard;
			sourceTree = "<group>";
		};
		E6F7D3EF20469EC300630408 /* LaunchScreen.storyboard */ = {
			isa = PBXVariantGroup;
			children = (
				E6F7D3F020469EC300630408 /* Base */,
			);
			name = LaunchScreen.storyboard;
			sourceTree = "<group>";
		};
/* End PBXVariantGroup section */

/* Begin XCBuildConfiguration section */
		E6F7D3F320469EC300630408 /* Debug */ = {
			isa = XCBuildConfiguration;
			buildSettings = {
				ALWAYS_SEARCH_USER_PATHS = NO;
				CLANG_ANALYZER_NONNULL = YES;
				CLANG_ANALYZER_NUMBER_OBJECT_CONVERSION = YES_AGGRESSIVE;
				CLANG_CXX_LANGUAGE_STANDARD = "gnu++14";
				CLANG_CXX_LIBRARY = "libc++";
				CLANG_ENABLE_MODULES = YES;
				CLANG_ENABLE_OBJC_ARC = YES;
				CLANG_WARN_BLOCK_CAPTURE_AUTORELEASING = YES;
				CLANG_WARN_BOOL_CONVERSION = YES;
				CLANG_WARN_COMMA = YES;
				CLANG_WARN_CONSTANT_CONVERSION = YES;
				CLANG_WARN_DIRECT_OBJC_ISA_USAGE = YES_ERROR;
				CLANG_WARN_DOCUMENTATION_COMMENTS = YES;
				CLANG_WARN_EMPTY_BODY = YES;
				CLANG_WARN_ENUM_CONVERSION = YES;
				CLANG_WARN_INFINITE_RECURSION = YES;
				CLANG_WARN_INT_CONVERSION = YES;
				CLANG_WARN_NON_LITERAL_NULL_CONVERSION = YES;
				CLANG_WARN_OBJC_LITERAL_CONVERSION = YES;
				CLANG_WARN_OBJC_ROOT_CLASS = YES_ERROR;
				CLANG_WARN_RANGE_LOOP_ANALYSIS = YES;
				CLANG_WARN_STRICT_PROTOTYPES = YES;
				CLANG_WARN_SUSPICIOUS_MOVE = YES;
				CLANG_WARN_UNGUARDED_AVAILABILITY = YES_AGGRESSIVE;
				CLANG_WARN_UNREACHABLE_CODE = YES;
				CLANG_WARN__DUPLICATE_METHOD_MATCH = YES;
				CODE_SIGN_IDENTITY = "iPhone Developer";
				COPY_PHASE_STRIP = NO;
				DEBUG_INFORMATION_FORMAT = dwarf;
				ENABLE_STRICT_OBJC_MSGSEND = YES;
				ENABLE_TESTABILITY = YES;
				GCC_C_LANGUAGE_STANDARD = gnu11;
				GCC_DYNAMIC_NO_PIC = NO;
				GCC_NO_COMMON_BLOCKS = YES;
				GCC_OPTIMIZATION_LEVEL = 0;
				GCC_PREPROCESSOR_DEFINITIONS = (
					"DEBUG=1",
					"$(inherited)",
				);
				GCC_WARN_64_TO_32_BIT_CONVERSION = YES;
				GCC_WARN_ABOUT_RETURN_TYPE = YES_ERROR;
				GCC_WARN_UNDECLARED_SELECTOR = YES;
				GCC_WARN_UNINITIALIZED_AUTOS = YES_AGGRESSIVE;
				GCC_WARN_UNUSED_FUNCTION = YES;
				GCC_WARN_UNUSED_VARIABLE = YES;
				IPHONEOS_DEPLOYMENT_TARGET = 11.2;
				MTL_ENABLE_DEBUG_INFO = YES;
				ONLY_ACTIVE_ARCH = YES;
				SDKROOT = iphoneos;
				SWIFT_ACTIVE_COMPILATION_CONDITIONS = DEBUG;
				SWIFT_OPTIMIZATION_LEVEL = "-Onone";
			};
			name = Debug;
		};
		E6F7D3F420469EC300630408 /* Release */ = {
			isa = XCBuildConfiguration;
			buildSettings = {
				ALWAYS_SEARCH_USER_PATHS = NO;
				CLANG_ANALYZER_NONNULL = YES;
				CLANG_ANALYZER_NUMBER_OBJECT_CONVERSION = YES_AGGRESSIVE;
				CLANG_CXX_LANGUAGE_STANDARD = "gnu++14";
				CLANG_CXX_LIBRARY = "libc++";
				CLANG_ENABLE_MODULES = YES;
				CLANG_ENABLE_OBJC_ARC = YES;
				CLANG_WARN_BLOCK_CAPTURE_AUTORELEASING = YES;
				CLANG_WARN_BOOL_CONVERSION = YES;
				CLANG_WARN_COMMA = YES;
				CLANG_WARN_CONSTANT_CONVERSION = YES;
				CLANG_WARN_DIRECT_OBJC_ISA_USAGE = YES_ERROR;
				CLANG_WARN_DOCUMENTATION_COMMENTS = YES;
				CLANG_WARN_EMPTY_BODY = YES;
				CLANG_WARN_ENUM_CONVERSION = YES;
				CLANG_WARN_INFINITE_RECURSION = YES;
				CLANG_WARN_INT_CONVERSION = YES;
				CLANG_WARN_NON_LITERAL_NULL_CONVERSION = YES;
				CLANG_WARN_OBJC_LITERAL_CONVERSION = YES;
				CLANG_WARN_OBJC_ROOT_CLASS = YES_ERROR;
				CLANG_WARN_RANGE_LOOP_ANALYSIS = YES;
				CLANG_WARN_STRICT_PROTOTYPES = YES;
				CLANG_WARN_SUSPICIOUS_MOVE = YES;
				CLANG_WARN_UNGUARDED_AVAILABILITY = YES_AGGRESSIVE;
				CLANG_WARN_UNREACHABLE_CODE = YES;
				CLANG_WARN__DUPLICATE_METHOD_MATCH = YES;
				CODE_SIGN_IDENTITY = "iPhone Developer";
				COPY_PHASE_STRIP = NO;
				DEBUG_INFORMATION_FORMAT = "dwarf-with-dsym";
				ENABLE_NS_ASSERTIONS = NO;
				ENABLE_STRICT_OBJC_MSGSEND = YES;
				GCC_C_LANGUAGE_STANDARD = gnu11;
				GCC_NO_COMMON_BLOCKS = YES;
				GCC_WARN_64_TO_32_BIT_CONVERSION = YES;
				GCC_WARN_ABOUT_RETURN_TYPE = YES_ERROR;
				GCC_WARN_UNDECLARED_SELECTOR = YES;
				GCC_WARN_UNINITIALIZED_AUTOS = YES_AGGRESSIVE;
				GCC_WARN_UNUSED_FUNCTION = YES;
				GCC_WARN_UNUSED_VARIABLE = YES;
				IPHONEOS_DEPLOYMENT_TARGET = 11.2;
				MTL_ENABLE_DEBUG_INFO = NO;
				SDKROOT = iphoneos;
				SWIFT_OPTIMIZATION_LEVEL = "-Owholemodule";
				VALIDATE_PRODUCT = YES;
			};
			name = Release;
		};
		E6F7D3F620469EC300630408 /* Debug */ = {
			isa = XCBuildConfiguration;
			baseConfigurationReference = DC80B8EA59974C8E42633969 /* Pods-BackgroundDownload.debug.xcconfig */;
			buildSettings = {
				ASSETCATALOG_COMPILER_APPICON_NAME = AppIcon;
				CODE_SIGN_STYLE = Automatic;
				DEVELOPMENT_TEAM = 8X676Z47A4;
				INFOPLIST_FILE = BackgroundDownload/Info.plist;
				LD_RUNPATH_SEARCH_PATHS = "$(inherited) @executable_path/Frameworks";
				PRODUCT_BUNDLE_IDENTIFIER = com.distillery.BackgroundDownload;
				PRODUCT_NAME = "$(TARGET_NAME)";
				SWIFT_VERSION = 4.0;
				TARGETED_DEVICE_FAMILY = "1,2";
			};
			name = Debug;
		};
		E6F7D3F720469EC300630408 /* Release */ = {
			isa = XCBuildConfiguration;
			baseConfigurationReference = 633AB76B1A2EF475CA06812C /* Pods-BackgroundDownload.release.xcconfig */;
			buildSettings = {
				ASSETCATALOG_COMPILER_APPICON_NAME = AppIcon;
				CODE_SIGN_STYLE = Automatic;
				DEVELOPMENT_TEAM = 8X676Z47A4;
				INFOPLIST_FILE = BackgroundDownload/Info.plist;
				LD_RUNPATH_SEARCH_PATHS = "$(inherited) @executable_path/Frameworks";
				PRODUCT_BUNDLE_IDENTIFIER = com.distillery.BackgroundDownload;
				PRODUCT_NAME = "$(TARGET_NAME)";
				SWIFT_VERSION = 4.0;
				TARGETED_DEVICE_FAMILY = "1,2";
			};
			name = Release;
		};
/* End XCBuildConfiguration section */

/* Begin XCConfigurationList section */
		E6F7D3DE20469EC300630408 /* Build configuration list for PBXProject "BackgroundDownload" */ = {
			isa = XCConfigurationList;
			buildConfigurations = (
				E6F7D3F320469EC300630408 /* Debug */,
				E6F7D3F420469EC300630408 /* Release */,
			);
			defaultConfigurationIsVisible = 0;
			defaultConfigurationName = Release;
		};
		E6F7D3F520469EC300630408 /* Build configuration list for PBXNativeTarget "BackgroundDownload" */ = {
			isa = XCConfigurationList;
			buildConfigurations = (
				E6F7D3F620469EC300630408 /* Debug */,
				E6F7D3F720469EC300630408 /* Release */,
			);
			defaultConfigurationIsVisible = 0;
			defaultConfigurationName = Release;
		};
/* End XCConfigurationList section */
	};
	rootObject = E6F7D3DB20469EC300630408 /* Project object */;
}
